
Microsoft Visual Studio Solution File, Format Version 12.00
# Visual Studio Version 17
VisualStudioVersion = 17.10.35122.118
MinimumVisualStudioVersion = 10.0.40219.1
Project("{FAE04EC0-301F-11D3-BF4B-00C04F79EFBC}") = "MPowerKit.Lottie", "MPowerKit.Lottie\MPowerKit.Lottie.csproj", "{298989AB-C9C0-484D-A0B1-28B26412529C}"
EndProject
Project("{FAE04EC0-301F-11D3-BF4B-00C04F79EFBC}") = "Sample", "Sample\Sample.csproj", "{C5D6E58D-D430-4368-8C8D-9DF2ABE9C5B0}"
EndProject
Project("{FAE04EC0-301F-11D3-BF4B-00C04F79EFBC}") = "MPowerKit.Lottie.Android", "MPowerKit.Lottie.Android\MPowerKit.Lottie.Android.csproj", "{26D08E75-39EC-4102-B438-2C424A239F13}"
EndProject
Project("{FAE04EC0-301F-11D3-BF4B-00C04F79EFBC}") = "MPowerKit.Lottie.MaciOS", "MPowerKit.Lottie.MaciOS\MPowerKit.Lottie.MaciOS.csproj", "{95395B98-09BD-4706-9462-1222013CC47E}"
EndProject
Global
	GlobalSection(SolutionConfigurationPlatforms) = preSolution
		Debug|Any CPU = Debug|Any CPU
		Release|Any CPU = Release|Any CPU
	EndGlobalSection
	GlobalSection(ProjectConfigurationPlatforms) = postSolution
		{298989AB-C9C0-484D-A0B1-28B26412529C}.Debug|Any CPU.ActiveCfg = Debug|Any CPU
		{298989AB-C9C0-484D-A0B1-28B26412529C}.Debug|Any CPU.Build.0 = Debug|Any CPU
		{298989AB-C9C0-484D-A0B1-28B26412529C}.Release|Any CPU.ActiveCfg = Release|Any CPU
		{298989AB-C9C0-484D-A0B1-28B26412529C}.Release|Any CPU.Build.0 = Release|Any CPU
		{C5D6E58D-D430-4368-8C8D-9DF2ABE9C5B0}.Debug|Any CPU.ActiveCfg = Debug|Any CPU
		{C5D6E58D-D430-4368-8C8D-9DF2ABE9C5B0}.Debug|Any CPU.Build.0 = Debug|Any CPU
		{C5D6E58D-D430-4368-8C8D-9DF2ABE9C5B0}.Debug|Any CPU.Deploy.0 = Debug|Any CPU
		{C5D6E58D-D430-4368-8C8D-9DF2ABE9C5B0}.Release|Any CPU.ActiveCfg = Release|Any CPU
		{C5D6E58D-D430-4368-8C8D-9DF2ABE9C5B0}.Release|Any CPU.Build.0 = Release|Any CPU
		{C5D6E58D-D430-4368-8C8D-9DF2ABE9C5B0}.Release|Any CPU.Deploy.0 = Release|Any CPU
		{26D08E75-39EC-4102-B438-2C424A239F13}.Debug|Any CPU.ActiveCfg = Debug|Any CPU
		{26D08E75-39EC-4102-B438-2C424A239F13}.Debug|Any CPU.Build.0 = Debug|Any CPU
		{26D08E75-39EC-4102-B438-2C424A239F13}.Release|Any CPU.ActiveCfg = Release|Any CPU
		{26D08E75-39EC-4102-B438-2C424A239F13}.Release|Any CPU.Build.0 = Release|Any CPU
		{95395B98-09BD-4706-9462-1222013CC47E}.Debug|Any CPU.ActiveCfg = Debug|Any CPU
		{95395B98-09BD-4706-9462-1222013CC47E}.Debug|Any CPU.Build.0 = Debug|Any CPU
		{95395B98-09BD-4706-9462-1222013CC47E}.Release|Any CPU.ActiveCfg = Release|Any CPU
		{95395B98-09BD-4706-9462-1222013CC47E}.Release|Any CPU.Build.0 = Release|Any CPU
	EndGlobalSection
	GlobalSection(SolutionProperties) = preSolution
		HideSolutionNode = FALSE
	EndGlobalSection
	GlobalSection(ExtensibilityGlobals) = postSolution
		SolutionGuid = {7062E4AC-3C32-44E8-8FDD-A37536D85980}
	EndGlobalSection
EndGlobal
